
Microsoft Visual Studio Solution File, Format Version 12.00
# Visual Studio Version 16
VisualStudioVersion = 16.0.30717.126
MinimumVisualStudioVersion = 10.0.40219.1
Project("{FAE04EC0-301F-11D3-BF4B-00C04F79EFBC}") = "SampleBlazor", "SampleBlazor\SampleBlazor.csproj", "{29120BF0-7DE7-4B8E-9B60-A2CDA77919E8}"
EndProject
Global
	GlobalSection(SolutionConfigurationPlatforms) = preSolution
		Debug|Any CPU = Debug|Any CPU
		Release|Any CPU = Release|Any CPU
	EndGlobalSection
	GlobalSection(ProjectConfigurationPlatforms) = postSolution
		{29120BF0-7DE7-4B8E-9B60-A2CDA77919E8}.Debug|Any CPU.ActiveCfg = Debug|Any CPU
		{29120BF0-7DE7-4B8E-9B60-A2CDA77919E8}.Debug|Any CPU.Build.0 = Debug|Any CPU
		{29120BF0-7DE7-4B8E-9B60-A2CDA77919E8}.Release|Any CPU.ActiveCfg = Release|Any CPU
		{29120BF0-7DE7-4B8E-9B60-A2CDA77919E8}.Release|Any CPU.Build.0 = Release|Any CPU
	EndGlobalSection
	GlobalSection(SolutionProperties) = preSolution
		HideSolutionNode = FALSE
	EndGlobalSection
	GlobalSection(ExtensibilityGlobals) = postSolution
		SolutionGuid = {497A1863-2410-49D8-AFE7-FC726226F72A}
	EndGlobalSection
EndGlobal
