
Microsoft Visual Studio Solution File, Format Version 12.00
# Visual Studio Version 17
VisualStudioVersion = 17.4.33213.308
MinimumVisualStudioVersion = 10.0.40219.1
Project("{9A19103F-16F7-4668-BE54-9A1E7A4F7556}") = "SampleBlazor", "SampleBlazor\SampleBlazor.csproj", "{29120BF0-7DE7-4B8E-9B60-A2CDA77919E8}"
EndProject
Project("{2150E333-8FDC-42A3-9474-1A3956D46DE8}") = "Solution Items", "Solution Items", "{1E2A6E45-CC7A-410D-91B1-87F3E65509D5}"
	ProjectSection(SolutionItems) = preProject
		README.md = README.md
	EndProjectSection
EndProject
Global
	GlobalSection(SolutionConfigurationPlatforms) = preSolution
		Debug|Any CPU = Debug|Any CPU
		Release|Any CPU = Release|Any CPU
	EndGlobalSection
	GlobalSection(ProjectConfigurationPlatforms) = postSolution
		{29120BF0-7DE7-4B8E-9B60-A2CDA77919E8}.Debug|Any CPU.ActiveCfg = Debug|Any CPU
		{29120BF0-7DE7-4B8E-9B60-A2CDA77919E8}.Debug|Any CPU.Build.0 = Debug|Any CPU
		{29120BF0-7DE7-4B8E-9B60-A2CDA77919E8}.Release|Any CPU.ActiveCfg = Release|Any CPU
		{29120BF0-7DE7-4B8E-9B60-A2CDA77919E8}.Release|Any CPU.Build.0 = Release|Any CPU
	EndGlobalSection
	GlobalSection(SolutionProperties) = preSolution
		HideSolutionNode = FALSE
	EndGlobalSection
	GlobalSection(ExtensibilityGlobals) = postSolution
		SolutionGuid = {497A1863-2410-49D8-AFE7-FC726226F72A}
	EndGlobalSection
EndGlobal
